{
  "name": "ts-tutorials",
  "version": "1.0.0",
  "lockfileVersion": 1,
  "requires": true,
  "dependencies": {
    "typescript": {
      "version": "3.2.2",
      "resolved": "http://registry.npm.taobao.org/typescript/download/typescript-3.2.2.tgz",
      "integrity": "sha1-/oEBxGqhI/g1NSPr3PVzDCrkk+U="
    }
  }
}
